
Microsoft Visual Studio Solution File, Format Version 12.00
# Visual Studio Version 16
VisualStudioVersion = 16.0.29519.181
MinimumVisualStudioVersion = 10.0.40219.1
Project("{FAE04EC0-301F-11D3-BF4B-00C04F79EFBC}") = "SD_23_FIKUMIKU", "SD_23_FIKUMIKU.csproj", "{7C4C5D54-BB56-4A1B-A1D9-ECC5AE935889}"
EndProject
Global
	GlobalSection(SolutionConfigurationPlatforms) = preSolution
		Debug|Any CPU = Debug|Any CPU
		Release|Any CPU = Release|Any CPU
	EndGlobalSection
	GlobalSection(ProjectConfigurationPlatforms) = postSolution
		{7C4C5D54-BB56-4A1B-A1D9-ECC5AE935889}.Debug|Any CPU.ActiveCfg = Debug|Any CPU
		{7C4C5D54-BB56-4A1B-A1D9-ECC5AE935889}.Debug|Any CPU.Build.0 = Debug|Any CPU
		{7C4C5D54-BB56-4A1B-A1D9-ECC5AE935889}.Release|Any CPU.ActiveCfg = Release|Any CPU
		{7C4C5D54-BB56-4A1B-A1D9-ECC5AE935889}.Release|Any CPU.Build.0 = Release|Any CPU
	EndGlobalSection
	GlobalSection(SolutionProperties) = preSolution
		HideSolutionNode = FALSE
	EndGlobalSection
	GlobalSection(ExtensibilityGlobals) = postSolution
		SolutionGuid = {31C6DC65-B4AC-443B-AC8B-3A63615D030D}
	EndGlobalSection
EndGlobal
